
Microsoft Visual Studio Solution File, Format Version 12.00
# Visual Studio Version 17
VisualStudioVersion = 17.6.33723.286
MinimumVisualStudioVersion = 10.0.40219.1
Project("{FAE04EC0-301F-11D3-BF4B-00C04F79EFBC}") = "Demo1", "Demo1\Demo1.csproj", "{9C7791D8-6941-4855-A95A-49BD25CA8958}"
EndProject
Global
	GlobalSection(SolutionConfigurationPlatforms) = preSolution
		Debug|Any CPU = Debug|Any CPU
		Release|Any CPU = Release|Any CPU
	EndGlobalSection
	GlobalSection(ProjectConfigurationPlatforms) = postSolution
		{9C7791D8-6941-4855-A95A-49BD25CA8958}.Debug|Any CPU.ActiveCfg = Debug|Any CPU
		{9C7791D8-6941-4855-A95A-49BD25CA8958}.Debug|Any CPU.Build.0 = Debug|Any CPU
		{9C7791D8-6941-4855-A95A-49BD25CA8958}.Release|Any CPU.ActiveCfg = Release|Any CPU
		{9C7791D8-6941-4855-A95A-49BD25CA8958}.Release|Any CPU.Build.0 = Release|Any CPU
	EndGlobalSection
	GlobalSection(SolutionProperties) = preSolution
		HideSolutionNode = FALSE
	EndGlobalSection
	GlobalSection(ExtensibilityGlobals) = postSolution
		SolutionGuid = {AB26C9DF-D9D5-4B28-BB54-BE12BB04D921}
	EndGlobalSection
EndGlobal
